
Microsoft Visual Studio Solution File, Format Version 12.00
# Visual Studio Version 17
VisualStudioVersion = 17.0.31903.59
MinimumVisualStudioVersion = 10.0.40219.1
Project("{2150E333-8FDC-42A3-9474-1A3956D46DE8}") = "src", "src", "{1B8CABBF-1210-40AA-BBAB-570369573FD7}"
EndProject
Project("{FAE04EC0-301F-11D3-BF4B-00C04F79EFBC}") = "RiwiLens.Domain", "src\RiwiLens.Domain\RiwiLens.Domain.csproj", "{02AEE614-7773-4AEC-B1D0-2A2C5DC9608C}"
EndProject
Project("{FAE04EC0-301F-11D3-BF4B-00C04F79EFBC}") = "RiwiLens.Application", "src\RiwiLens.Application\RiwiLens.Application.csproj", "{8FECA2EB-04C3-4D4E-AAB8-0B1D0A838C19}"
EndProject
Project("{FAE04EC0-301F-11D3-BF4B-00C04F79EFBC}") = "RiwiLens.Infrastructure", "src\RiwiLens.Infrastructure\RiwiLens.Infrastructure.csproj", "{DA88450B-06DD-467E-AE7E-33670D5B6CD4}"
EndProject
Project("{FAE04EC0-301F-11D3-BF4B-00C04F79EFBC}") = "RiwiLens.Api", "src\RiwiLens.Api\RiwiLens.Api.csproj", "{624712E7-7B44-4329-A8D5-CC0622ABE0A5}"
EndProject
Global
	GlobalSection(SolutionConfigurationPlatforms) = preSolution
		Debug|Any CPU = Debug|Any CPU
		Release|Any CPU = Release|Any CPU
	EndGlobalSection
	GlobalSection(SolutionProperties) = preSolution
		HideSolutionNode = FALSE
	EndGlobalSection
	GlobalSection(ProjectConfigurationPlatforms) = postSolution
		{02AEE614-7773-4AEC-B1D0-2A2C5DC9608C}.Debug|Any CPU.ActiveCfg = Debug|Any CPU
		{02AEE614-7773-4AEC-B1D0-2A2C5DC9608C}.Debug|Any CPU.Build.0 = Debug|Any CPU
		{02AEE614-7773-4AEC-B1D0-2A2C5DC9608C}.Release|Any CPU.ActiveCfg = Release|Any CPU
		{02AEE614-7773-4AEC-B1D0-2A2C5DC9608C}.Release|Any CPU.Build.0 = Release|Any CPU
		{8FECA2EB-04C3-4D4E-AAB8-0B1D0A838C19}.Debug|Any CPU.ActiveCfg = Debug|Any CPU
		{8FECA2EB-04C3-4D4E-AAB8-0B1D0A838C19}.Debug|Any CPU.Build.0 = Debug|Any CPU
		{8FECA2EB-04C3-4D4E-AAB8-0B1D0A838C19}.Release|Any CPU.ActiveCfg = Release|Any CPU
		{8FECA2EB-04C3-4D4E-AAB8-0B1D0A838C19}.Release|Any CPU.Build.0 = Release|Any CPU
		{DA88450B-06DD-467E-AE7E-33670D5B6CD4}.Debug|Any CPU.ActiveCfg = Debug|Any CPU
		{DA88450B-06DD-467E-AE7E-33670D5B6CD4}.Debug|Any CPU.Build.0 = Debug|Any CPU
		{DA88450B-06DD-467E-AE7E-33670D5B6CD4}.Release|Any CPU.ActiveCfg = Release|Any CPU
		{DA88450B-06DD-467E-AE7E-33670D5B6CD4}.Release|Any CPU.Build.0 = Release|Any CPU
		{624712E7-7B44-4329-A8D5-CC0622ABE0A5}.Debug|Any CPU.ActiveCfg = Debug|Any CPU
		{624712E7-7B44-4329-A8D5-CC0622ABE0A5}.Debug|Any CPU.Build.0 = Debug|Any CPU
		{624712E7-7B44-4329-A8D5-CC0622ABE0A5}.Release|Any CPU.ActiveCfg = Release|Any CPU
		{624712E7-7B44-4329-A8D5-CC0622ABE0A5}.Release|Any CPU.Build.0 = Release|Any CPU
	EndGlobalSection
	GlobalSection(NestedProjects) = preSolution
		{02AEE614-7773-4AEC-B1D0-2A2C5DC9608C} = {1B8CABBF-1210-40AA-BBAB-570369573FD7}
		{8FECA2EB-04C3-4D4E-AAB8-0B1D0A838C19} = {1B8CABBF-1210-40AA-BBAB-570369573FD7}
		{DA88450B-06DD-467E-AE7E-33670D5B6CD4} = {1B8CABBF-1210-40AA-BBAB-570369573FD7}
		{624712E7-7B44-4329-A8D5-CC0622ABE0A5} = {1B8CABBF-1210-40AA-BBAB-570369573FD7}
	EndGlobalSection
EndGlobal
